
Microsoft Visual Studio Solution File, Format Version 12.00
# Visual Studio Version 17
VisualStudioVersion = 17.7.34031.279
MinimumVisualStudioVersion = 10.0.40219.1
Project("{FAE04EC0-301F-11D3-BF4B-00C04F79EFBC}") = "TP02.00", "TP02.00.csproj", "{542A2B1D-069E-4172-B6EB-1698C940DD7C}"
EndProject
Global
	GlobalSection(SolutionConfigurationPlatforms) = preSolution
		Debug|Any CPU = Debug|Any CPU
		Release|Any CPU = Release|Any CPU
	EndGlobalSection
	GlobalSection(ProjectConfigurationPlatforms) = postSolution
		{542A2B1D-069E-4172-B6EB-1698C940DD7C}.Debug|Any CPU.ActiveCfg = Debug|Any CPU
		{542A2B1D-069E-4172-B6EB-1698C940DD7C}.Debug|Any CPU.Build.0 = Debug|Any CPU
		{542A2B1D-069E-4172-B6EB-1698C940DD7C}.Release|Any CPU.ActiveCfg = Release|Any CPU
		{542A2B1D-069E-4172-B6EB-1698C940DD7C}.Release|Any CPU.Build.0 = Release|Any CPU
	EndGlobalSection
	GlobalSection(SolutionProperties) = preSolution
		HideSolutionNode = FALSE
	EndGlobalSection
	GlobalSection(ExtensibilityGlobals) = postSolution
		SolutionGuid = {4992ECE0-9487-47F1-AE5C-921255A01DAE}
	EndGlobalSection
EndGlobal
