
Microsoft Visual Studio Solution File, Format Version 12.00
# Visual Studio Version 17
VisualStudioVersion = 17.7.34031.279
MinimumVisualStudioVersion = 10.0.40219.1
Project("{FAE04EC0-301F-11D3-BF4B-00C04F79EFBC}") = "TPI", "TPI.csproj", "{8A661DB5-D195-4A2A-8DD6-B9A9EC6D18CF}"
EndProject
Project("{2150E333-8FDC-42A3-9474-1A3956D46DE8}") = "Elementos de la solución", "Elementos de la solución", "{D5B8D3A1-FBF9-47A3-BB1B-675DD101BBAA}"
EndProject
Global
	GlobalSection(SolutionConfigurationPlatforms) = preSolution
		Debug|Any CPU = Debug|Any CPU
		Release|Any CPU = Release|Any CPU
	EndGlobalSection
	GlobalSection(ProjectConfigurationPlatforms) = postSolution
		{8A661DB5-D195-4A2A-8DD6-B9A9EC6D18CF}.Debug|Any CPU.ActiveCfg = Debug|Any CPU
		{8A661DB5-D195-4A2A-8DD6-B9A9EC6D18CF}.Debug|Any CPU.Build.0 = Debug|Any CPU
		{8A661DB5-D195-4A2A-8DD6-B9A9EC6D18CF}.Release|Any CPU.ActiveCfg = Release|Any CPU
		{8A661DB5-D195-4A2A-8DD6-B9A9EC6D18CF}.Release|Any CPU.Build.0 = Release|Any CPU
	EndGlobalSection
	GlobalSection(SolutionProperties) = preSolution
		HideSolutionNode = FALSE
	EndGlobalSection
	GlobalSection(ExtensibilityGlobals) = postSolution
		SolutionGuid = {CB9A5D5F-D2CD-4ABE-A9FC-53ECE81F5CCA}
	EndGlobalSection
EndGlobal
