
Microsoft Visual Studio Solution File, Format Version 12.00
# Visual Studio Version 17
VisualStudioVersion = 17.7.34031.279
MinimumVisualStudioVersion = 10.0.40219.1
Project("{FAE04EC0-301F-11D3-BF4B-00C04F79EFBC}") = "TP02.01", "TP02.01.csproj", "{A96A3BFA-0691-40A0-9597-8F91E485A614}"
EndProject
Global
	GlobalSection(SolutionConfigurationPlatforms) = preSolution
		Debug|Any CPU = Debug|Any CPU
		Release|Any CPU = Release|Any CPU
	EndGlobalSection
	GlobalSection(ProjectConfigurationPlatforms) = postSolution
		{A96A3BFA-0691-40A0-9597-8F91E485A614}.Debug|Any CPU.ActiveCfg = Debug|Any CPU
		{A96A3BFA-0691-40A0-9597-8F91E485A614}.Debug|Any CPU.Build.0 = Debug|Any CPU
		{A96A3BFA-0691-40A0-9597-8F91E485A614}.Release|Any CPU.ActiveCfg = Release|Any CPU
		{A96A3BFA-0691-40A0-9597-8F91E485A614}.Release|Any CPU.Build.0 = Release|Any CPU
	EndGlobalSection
	GlobalSection(SolutionProperties) = preSolution
		HideSolutionNode = FALSE
	EndGlobalSection
	GlobalSection(ExtensibilityGlobals) = postSolution
		SolutionGuid = {7042A0D0-3DFC-4B13-9908-3F3509125F25}
	EndGlobalSection
EndGlobal
